{
  "name": "inove",
  "version": "1.0.0",
  "lockfileVersion": 1,
  "requires": true,
  "dependencies": {
    "gentelella": {
      "version": "1.3.0",
      "resolved": "https://registry.npmjs.org/gentelella/-/gentelella-1.3.0.tgz",
      "integrity": "sha1-U8S7BnGr06S7uXz9gmEAO22nxeM="
    },
    "jquery": {
      "version": "3.2.1",
      "resolved": "https://registry.npmjs.org/jquery/-/jquery-3.2.1.tgz",
      "integrity": "sha1-XE2d5lKvbNCncBVKYxu6ErAVx4c="
    },
    "jquery-maskmoney": {
      "version": "3.0.2",
      "resolved": "https://registry.npmjs.org/jquery-maskmoney/-/jquery-maskmoney-3.0.2.tgz",
      "integrity": "sha1-8Y3k8GuMZq2XyuizIFcck2rGN7c=",
      "requires": {
        "jquery": "3.2.1"
      }
    }
  }
}
